
Microsoft Visual Studio Solution File, Format Version 12.00
# Visual Studio Version 17
VisualStudioVersion = 17.12.35527.113
MinimumVisualStudioVersion = 10.0.40219.1
Project("{2150E333-8FDC-42A3-9474-1A3956D46DE8}") = "img", "img", "{D7A6C8BF-B40F-49DD-8501-6C7EDAF514A2}"
EndProject
Project("{2150E333-8FDC-42A3-9474-1A3956D46DE8}") = "src", "src", "{AD3DF988-466A-4678-878C-6055F94E5645}"
EndProject
Project("{2150E333-8FDC-42A3-9474-1A3956D46DE8}") = "doc", "doc", "{4F937B71-A1DB-4987-A43A-573503BB6130}"
	ProjectSection(SolutionItems) = preProject
		README.md = README.md
	EndProjectSection
EndProject
Project("{2150E333-8FDC-42A3-9474-1A3956D46DE8}") = "Core", "Core", "{AB2D190A-33E2-493E-BB1B-28B580C5BD8A}"
EndProject
Project("{2150E333-8FDC-42A3-9474-1A3956D46DE8}") = "API", "API", "{241598C1-0E72-4594-8E8A-B7F3A9E88917}"
EndProject
Project("{2150E333-8FDC-42A3-9474-1A3956D46DE8}") = "Test", "Test", "{D6CF6351-267C-4D0A-97E3-88BF65959A16}"
EndProject
Project("{FAE04EC0-301F-11D3-BF4B-00C04F79EFBC}") = "API.Auth", "src\API\API.Auth\API.Auth.csproj", "{4A41C3C3-AB63-4CF1-BB3D-C076AC958DFB}"
EndProject
Project("{FAE04EC0-301F-11D3-BF4B-00C04F79EFBC}") = "API.Gateway", "src\API\API.Gateway\API.Gateway.csproj", "{B15963FA-F476-48F5-8514-8A94DBE1DFAB}"
EndProject
Global
	GlobalSection(SolutionConfigurationPlatforms) = preSolution
		Debug|Any CPU = Debug|Any CPU
		Release|Any CPU = Release|Any CPU
	EndGlobalSection
	GlobalSection(ProjectConfigurationPlatforms) = postSolution
		{4A41C3C3-AB63-4CF1-BB3D-C076AC958DFB}.Debug|Any CPU.ActiveCfg = Debug|Any CPU
		{4A41C3C3-AB63-4CF1-BB3D-C076AC958DFB}.Debug|Any CPU.Build.0 = Debug|Any CPU
		{4A41C3C3-AB63-4CF1-BB3D-C076AC958DFB}.Release|Any CPU.ActiveCfg = Release|Any CPU
		{4A41C3C3-AB63-4CF1-BB3D-C076AC958DFB}.Release|Any CPU.Build.0 = Release|Any CPU
		{B15963FA-F476-48F5-8514-8A94DBE1DFAB}.Debug|Any CPU.ActiveCfg = Debug|Any CPU
		{B15963FA-F476-48F5-8514-8A94DBE1DFAB}.Debug|Any CPU.Build.0 = Debug|Any CPU
		{B15963FA-F476-48F5-8514-8A94DBE1DFAB}.Release|Any CPU.ActiveCfg = Release|Any CPU
		{B15963FA-F476-48F5-8514-8A94DBE1DFAB}.Release|Any CPU.Build.0 = Release|Any CPU
	EndGlobalSection
	GlobalSection(SolutionProperties) = preSolution
		HideSolutionNode = FALSE
	EndGlobalSection
	GlobalSection(NestedProjects) = preSolution
		{AB2D190A-33E2-493E-BB1B-28B580C5BD8A} = {AD3DF988-466A-4678-878C-6055F94E5645}
		{241598C1-0E72-4594-8E8A-B7F3A9E88917} = {AD3DF988-466A-4678-878C-6055F94E5645}
		{D6CF6351-267C-4D0A-97E3-88BF65959A16} = {AD3DF988-466A-4678-878C-6055F94E5645}
		{4A41C3C3-AB63-4CF1-BB3D-C076AC958DFB} = {241598C1-0E72-4594-8E8A-B7F3A9E88917}
		{B15963FA-F476-48F5-8514-8A94DBE1DFAB} = {241598C1-0E72-4594-8E8A-B7F3A9E88917}
	EndGlobalSection
EndGlobal
